
Microsoft Visual Studio Solution File, Format Version 12.00
Project("{FAE04EC0-301F-11D3-BF4B-00C04F79EFBC}") = "ModelCatalogCore", "ModelCatalogCore\ModelCatalogCore.csproj", "{93BDB03C-6EF5-4B29-A4C9-899A7E779BBD}"
EndProject
Global
	GlobalSection(SolutionConfigurationPlatforms) = preSolution
		Debug|Any CPU = Debug|Any CPU
		Release|Any CPU = Release|Any CPU
	EndGlobalSection
	GlobalSection(ProjectConfigurationPlatforms) = postSolution
		{93BDB03C-6EF5-4B29-A4C9-899A7E779BBD}.Debug|Any CPU.ActiveCfg = Debug|Any CPU
		{93BDB03C-6EF5-4B29-A4C9-899A7E779BBD}.Debug|Any CPU.Build.0 = Debug|Any CPU
		{93BDB03C-6EF5-4B29-A4C9-899A7E779BBD}.Release|Any CPU.ActiveCfg = Release|Any CPU
		{93BDB03C-6EF5-4B29-A4C9-899A7E779BBD}.Release|Any CPU.Build.0 = Release|Any CPU
	EndGlobalSection
EndGlobal
